
Microsoft Visual Studio Solution File, Format Version 12.00
# Visual Studio 15
VisualStudioVersion = 15.0.28307.136
MinimumVisualStudioVersion = 10.0.40219.1
Project("{FAE04EC0-301F-11D3-BF4B-00C04F79EFBC}") = "Chat", "Chat\Chat.csproj", "{EB4A952C-63AB-4EB2-AA2B-3F5D87D3733A}"
EndProject
Global
	GlobalSection(SolutionConfigurationPlatforms) = preSolution
		Debug|Any CPU = Debug|Any CPU
		Release|Any CPU = Release|Any CPU
	EndGlobalSection
	GlobalSection(ProjectConfigurationPlatforms) = postSolution
		{EB4A952C-63AB-4EB2-AA2B-3F5D87D3733A}.Debug|Any CPU.ActiveCfg = Debug|Any CPU
		{EB4A952C-63AB-4EB2-AA2B-3F5D87D3733A}.Debug|Any CPU.Build.0 = Debug|Any CPU
		{EB4A952C-63AB-4EB2-AA2B-3F5D87D3733A}.Release|Any CPU.ActiveCfg = Release|Any CPU
		{EB4A952C-63AB-4EB2-AA2B-3F5D87D3733A}.Release|Any CPU.Build.0 = Release|Any CPU
	EndGlobalSection
	GlobalSection(SolutionProperties) = preSolution
		HideSolutionNode = FALSE
	EndGlobalSection
	GlobalSection(ExtensibilityGlobals) = postSolution
		SolutionGuid = {663B807C-2147-4A56-98D9-0A07DD9570B2}
	EndGlobalSection
EndGlobal
